Albon Idrizi
Microsoft Visual Studio Solution File, Format Version 12.00
# Visual Studio 15
VisualStudioVersion = 15.0.28307.1022
MinimumVisualStudioVersion = 10.0.40219.1
Project("{FAE04EC0-301F-11D3-BF4B-00C04F79EFBC}") = "Calculator", "Calculator\Calculator.csproj", "{882380A2-45B5-4176-AB0C-A1E81D693F42}"
EndProject
Global
	GlobalSection(SolutionConfigurationPlatforms) = preSolution
		Debug|Any CPU = Debug|Any CPU
		Release|Any CPU = Release|Any CPU
	EndGlobalSection
	GlobalSection(ProjectConfigurationPlatforms) = postSolution
		{882380A2-45B5-4176-AB0C-A1E81D693F42}.Debug|Any CPU.ActiveCfg = Debug|Any CPU
		{882380A2-45B5-4176-AB0C-A1E81D693F42}.Debug|Any CPU.Build.0 = Debug|Any CPU
		{882380A2-45B5-4176-AB0C-A1E81D693F42}.Release|Any CPU.ActiveCfg = Release|Any CPU
		{882380A2-45B5-4176-AB0C-A1E81D693F42}.Release|Any CPU.Build.0 = Release|Any CPU
	EndGlobalSection
	GlobalSection(SolutionProperties) = preSolution
		HideSolutionNode = FALSE
	EndGlobalSection
	GlobalSection(ExtensibilityGlobals) = postSolution
		SolutionGuid = {F02F185E-7BAB-4142-AD96-8B1B4B7789F4}
	EndGlobalSection
EndGlobal
